
Microsoft Visual Studio Solution File, Format Version 12.00
# Visual Studio Version 16
VisualStudioVersion = 16.0.30104.148
MinimumVisualStudioVersion = 10.0.40219.1
Project("{FAE04EC0-301F-11D3-BF4B-00C04F79EFBC}") = "HydrationApp", "HydrationApp\HydrationApp.csproj", "{26B0E3C2-32DB-432F-BB45-5533EB116EA6}"
EndProject
Global
	GlobalSection(SolutionConfigurationPlatforms) = preSolution
		Debug|Any CPU = Debug|Any CPU
		Release|Any CPU = Release|Any CPU
	EndGlobalSection
	GlobalSection(ProjectConfigurationPlatforms) = postSolution
		{26B0E3C2-32DB-432F-BB45-5533EB116EA6}.Debug|Any CPU.ActiveCfg = Debug|Any CPU
		{26B0E3C2-32DB-432F-BB45-5533EB116EA6}.Debug|Any CPU.Build.0 = Debug|Any CPU
		{26B0E3C2-32DB-432F-BB45-5533EB116EA6}.Release|Any CPU.ActiveCfg = Release|Any CPU
		{26B0E3C2-32DB-432F-BB45-5533EB116EA6}.Release|Any CPU.Build.0 = Release|Any CPU
	EndGlobalSection
	GlobalSection(SolutionProperties) = preSolution
		HideSolutionNode = FALSE
	EndGlobalSection
	GlobalSection(ExtensibilityGlobals) = postSolution
		SolutionGuid = {1B5AC578-85A4-45AF-961C-8FE687E72CB3}
	EndGlobalSection
EndGlobal
